
Microsoft Visual Studio Solution File, Format Version 12.00
# Visual Studio Version 16
VisualStudioVersion = 16.0.32929.386
MinimumVisualStudioVersion = 10.0.40219.1
Project("{FAE04EC0-301F-11D3-BF4B-00C04F79EFBC}") = "WpfApp1", "WpfApp1\WpfApp1.csproj", "{B4E62F54-C523-4A09-BE24-A5CA3E5EF0AB}"
EndProject
Global
	GlobalSection(SolutionConfigurationPlatforms) = preSolution
		Debug|Any CPU = Debug|Any CPU
		Release|Any CPU = Release|Any CPU
	EndGlobalSection
	GlobalSection(ProjectConfigurationPlatforms) = postSolution
		{B4E62F54-C523-4A09-BE24-A5CA3E5EF0AB}.Debug|Any CPU.ActiveCfg = Debug|Any CPU
		{B4E62F54-C523-4A09-BE24-A5CA3E5EF0AB}.Debug|Any CPU.Build.0 = Debug|Any CPU
		{B4E62F54-C523-4A09-BE24-A5CA3E5EF0AB}.Release|Any CPU.ActiveCfg = Release|Any CPU
		{B4E62F54-C523-4A09-BE24-A5CA3E5EF0AB}.Release|Any CPU.Build.0 = Release|Any CPU
	EndGlobalSection
	GlobalSection(SolutionProperties) = preSolution
		HideSolutionNode = FALSE
	EndGlobalSection
	GlobalSection(ExtensibilityGlobals) = postSolution
		SolutionGuid = {3BDE0FD3-52D2-401F-9B04-A34C93F3458E}
	EndGlobalSection
EndGlobal
